{
  "originHash" : "aa60b55f47e08154e22e9b53c1817fd0f13b6d5d88ded9f16988aa2955bfc850",
  "pins" : [
    {
      "identity" : "swift-collections",
      "kind" : "remoteSourceControl",
      "location" : "https://github.com/apple/swift-collections.git",
      "state" : {
        "revision" : "671108c96644956dddcd89dd59c203dcdb36cec7",
        "version" : "1.1.4"
      }
    },
    {
      "identity" : "swiftcbor",
      "kind" : "remoteSourceControl",
      "location" : "https://github.com/unrelentingtech/SwiftCBOR.git",
      "state" : {
        "revision" : "fd929a6d8f7651ce0f63fc99397fd5762358cc29",
        "version" : "0.6.0"
      }
    }
  ],
  "version" : 3
}
